
Microsoft Visual Studio Solution File, Format Version 12.00
# Visual Studio Version 16
VisualStudioVersion = 16.0.29728.190
MinimumVisualStudioVersion = 10.0.40219.1
Project("{FAE04EC0-301F-11D3-BF4B-00C04F79EFBC}") = "authenticationTest", "authenticationTest.csproj", "{D81A823B-01B4-44A9-A53D-295E33A5DD51}"
EndProject
Global
	GlobalSection(SolutionConfigurationPlatforms) = preSolution
		Debug|Any CPU = Debug|Any CPU
		Release|Any CPU = Release|Any CPU
	EndGlobalSection
	GlobalSection(ProjectConfigurationPlatforms) = postSolution
		{D81A823B-01B4-44A9-A53D-295E33A5DD51}.Debug|Any CPU.ActiveCfg = Debug|Any CPU
		{D81A823B-01B4-44A9-A53D-295E33A5DD51}.Debug|Any CPU.Build.0 = Debug|Any CPU
		{D81A823B-01B4-44A9-A53D-295E33A5DD51}.Release|Any CPU.ActiveCfg = Release|Any CPU
		{D81A823B-01B4-44A9-A53D-295E33A5DD51}.Release|Any CPU.Build.0 = Release|Any CPU
	EndGlobalSection
	GlobalSection(SolutionProperties) = preSolution
		HideSolutionNode = FALSE
	EndGlobalSection
	GlobalSection(ExtensibilityGlobals) = postSolution
		SolutionGuid = {1C0A8E53-3970-4D59-97DD-78E967BA3A73}
	EndGlobalSection
EndGlobal
